// !$*UTF8*$!
{
	archiveVersion = 1;
	classes = {
	};
	objectVersion = 77;
	objects = {

/* Begin PBXBuildFile section */
		9D32BA152CF4DFDE00118FBB /* QuizPlayView.swift in Sources */ = {isa = PBXBuildFile; fileRef = 9D32BA112CF4DFDE00118FBB /* QuizPlayView.swift */; };
		9D32BA162CF4DFDE00118FBB /* QuizzesView.swift in Sources */ = {isa = PBXBuildFile; fileRef = 9D32BA132CF4DFDE00118FBB /* QuizzesView.swift */; };
		9D32BA172CF4DFDE00118FBB /* QuizRowView.swift in Sources */ = {isa = PBXBuildFile; fileRef = 9D32BA122CF4DFDE00118FBB /* QuizRowView.swift */; };
		9DB892212CF9E292001F240A /* Launch Screen.storyboard in Resources */ = {isa = PBXBuildFile; fileRef = 9DB892202CF9E292001F240A /* Launch Screen.storyboard */; };
/* End PBXBuildFile section */

/* Begin PBXContainerItemProxy section */
		9D32B9EB2CF4DFBF00118FBB /* PBXContainerItemProxy */ = {
			isa = PBXContainerItemProxy;
			containerPortal = 9D32B9D12CF4DFBD00118FBB /* Project object */;
			proxyType = 1;
			remoteGlobalIDString = 9D32B9D82CF4DFBD00118FBB;
			remoteInfo = Quizz;
		};
		9D32B9F52CF4DFBF00118FBB /* PBXContainerItemProxy */ = {
			isa = PBXContainerItemProxy;
			containerPortal = 9D32B9D12CF4DFBD00118FBB /* Project object */;
			proxyType = 1;
			remoteGlobalIDString = 9D32B9D82CF4DFBD00118FBB;
			remoteInfo = Quizz;
		};
/* End PBXContainerItemProxy section */

/* Begin PBXFileReference section */
		9D32B9D92CF4DFBD00118FBB /* Quizz.app */ = {isa = PBXFileReference; explicitFileType = wrapper.application; includeInIndex = 0; path = Quizz.app; sourceTree = BUILT_PRODUCTS_DIR; };
		9D32B9EA2CF4DFBE00118FBB /* QuizzTests.xctest */ = {isa = PBXFileReference; explicitFileType = wrapper.cfbundle; includeInIndex = 0; path = QuizzTests.xctest; sourceTree = BUILT_PRODUCTS_DIR; };
		9D32B9F42CF4DFBF00118FBB /* QuizzUITests.xctest */ = {isa = PBXFileReference; explicitFileType = wrapper.cfbundle; includeInIndex = 0; path = QuizzUITests.xctest; sourceTree = BUILT_PRODUCTS_DIR; };
		9D32BA112CF4DFDE00118FBB /* QuizPlayView.swift */ = {isa = PBXFileReference; lastKnownFileType = sourcecode.swift; path = QuizPlayView.swift; sourceTree = "<group>"; };
		9D32BA122CF4DFDE00118FBB /* QuizRowView.swift */ = {isa = PBXFileReference; lastKnownFileType = sourcecode.swift; path = QuizRowView.swift; sourceTree = "<group>"; };
		9D32BA132CF4DFDE00118FBB /* QuizzesView.swift */ = {isa = PBXFileReference; lastKnownFileType = sourcecode.swift; path = QuizzesView.swift; sourceTree = "<group>"; };
		9DB892202CF9E292001F240A /* Launch Screen.storyboard */ = {isa = PBXFileReference; lastKnownFileType = file.storyboard; path = "Launch Screen.storyboard"; sourceTree = "<group>"; };
/* End PBXFileReference section */

/* Begin PBXFileSystemSynchronizedRootGroup section */
		9D32B9DB2CF4DFBD00118FBB /* Quizz */ = {
			isa = PBXFileSystemSynchronizedRootGroup;
			path = Quizz;
			sourceTree = "<group>";
		};
		9D32B9ED2CF4DFBF00118FBB /* QuizzTests */ = {
			isa = PBXFileSystemSynchronizedRootGroup;
			path = QuizzTests;
			sourceTree = "<group>";
		};
		9D32B9F72CF4DFBF00118FBB /* QuizzUITests */ = {
			isa = PBXFileSystemSynchronizedRootGroup;
			path = QuizzUITests;
			sourceTree = "<group>";
		};
/* End PBXFileSystemSynchronizedRootGroup section */

/* Begin PBXFrameworksBuildPhase section */
		9D32B9D62CF4DFBD00118FBB /* Frameworks */ = {
			isa = PBXFrameworksBuildPhase;
			buildActionMask = 2147483647;
			files = (
			);
			runOnlyForDeploymentPostprocessing = 0;
		};
		9D32B9E72CF4DFBE00118FBB /* Frameworks */ = {
			isa = PBXFrameworksBuildPhase;
			buildActionMask = 2147483647;
			files = (
			);
			runOnlyForDeploymentPostprocessing = 0;
		};
		9D32B9F12CF4DFBF00118FBB /* Frameworks */ = {
			isa = PBXFrameworksBuildPhase;
			buildActionMask = 2147483647;
			files = (
			);
			runOnlyForDeploymentPostprocessing = 0;
		};
/* End PBXFrameworksBuildPhase section */

/* Begin PBXGroup section */
		9D32B9D02CF4DFBD00118FBB = {
			isa = PBXGroup;
			children = (
				9DB892202CF9E292001F240A /* Launch Screen.storyboard */,
				9D32B9DB2CF4DFBD00118FBB /* Quizz */,
				9D32B9ED2CF4DFBF00118FBB /* QuizzTests */,
				9D32B9F72CF4DFBF00118FBB /* QuizzUITests */,
				9D32B9DA2CF4DFBD00118FBB /* Products */,
				9D32BA142CF4DFDE00118FBB /* Views */,
			);
			sourceTree = "<group>";
		};
		9D32B9DA2CF4DFBD00118FBB /* Products */ = {
			isa = PBXGroup;
			children = (
				9D32B9D92CF4DFBD00118FBB /* Quizz.app */,
				9D32B9EA2CF4DFBE00118FBB /* QuizzTests.xctest */,
				9D32B9F42CF4DFBF00118FBB /* QuizzUITests.xctest */,
			);
			name = Products;
			sourceTree = "<group>";
		};
		9D32BA142CF4DFDE00118FBB /* Views */ = {
			isa = PBXGroup;
			children = (
				9D32BA112CF4DFDE00118FBB /* QuizPlayView.swift */,
				9D32BA122CF4DFDE00118FBB /* QuizRowView.swift */,
				9D32BA132CF4DFDE00118FBB /* QuizzesView.swift */,
			);
			path = Views;
			sourceTree = "<group>";
		};
/* End PBXGroup section */

/* Begin PBXNativeTarget section */
		9D32B9D82CF4DFBD00118FBB /* Quizz */ = {
			isa = PBXNativeTarget;
			buildConfigurationList = 9D32B9FE2CF4DFBF00118FBB /* Build configuration list for PBXNativeTarget "Quizz" */;
			buildPhases = (
				9D32B9D52CF4DFBD00118FBB /* Sources */,
				9D32B9D62CF4DFBD00118FBB /* Frameworks */,
				9D32B9D72CF4DFBD00118FBB /* Resources */,
			);
			buildRules = (
			);
			dependencies = (
			);
			fileSystemSynchronizedGroups = (
				9D32B9DB2CF4DFBD00118FBB /* Quizz */,
			);
			name = Quizz;
			packageProductDependencies = (
			);
			productName = Quizz;
			productReference = 9D32B9D92CF4DFBD00118FBB /* Quizz.app */;
			productType = "com.apple.product-type.application";
		};
		9D32B9E92CF4DFBE00118FBB /* QuizzTests */ = {
			isa = PBXNativeTarget;
			buildConfigurationList = 9D32BA012CF4DFBF00118FBB /* Build configuration list for PBXNativeTarget "QuizzTests" */;
			buildPhases = (
				9D32B9E62CF4DFBE00118FBB /* Sources */,
				9D32B9E72CF4DFBE00118FBB /* Frameworks */,
				9D32B9E82CF4DFBE00118FBB /* Resources */,
			);
			buildRules = (
			);
			dependencies = (
				9D32B9EC2CF4DFBF00118FBB /* PBXTargetDependency */,
			);
			fileSystemSynchronizedGroups = (
				9D32B9ED2CF4DFBF00118FBB /* QuizzTests */,
			);
			name = QuizzTests;
			packageProductDependencies = (
			);
			productName = QuizzTests;
			productReference = 9D32B9EA2CF4DFBE00118FBB /* QuizzTests.xctest */;
			productType = "com.apple.product-type.bundle.unit-test";
		};
		9D32B9F32CF4DFBF00118FBB /* QuizzUITests */ = {
			isa = PBXNativeTarget;
			buildConfigurationList = 9D32BA042CF4DFBF00118FBB /* Build configuration list for PBXNativeTarget "QuizzUITests" */;
			buildPhases = (
				9D32B9F02CF4DFBF00118FBB /* Sources */,
				9D32B9F12CF4DFBF00118FBB /* Frameworks */,
				9D32B9F22CF4DFBF00118FBB /* Resources */,
			);
			buildRules = (
			);
			dependencies = (
				9D32B9F62CF4DFBF00118FBB /* PBXTargetDependency */,
			);
			fileSystemSynchronizedGroups = (
				9D32B9F72CF4DFBF00118FBB /* QuizzUITests */,
			);
			name = QuizzUITests;
			packageProductDependencies = (
			);
			productName = QuizzUITests;
			productReference = 9D32B9F42CF4DFBF00118FBB /* QuizzUITests.xctest */;
			productType = "com.apple.product-type.bundle.ui-testing";
		};
/* End PBXNativeTarget section */

/* Begin PBXProject section */
		9D32B9D12CF4DFBD00118FBB /* Project object */ = {
			isa = PBXProject;
			attributes = {
				BuildIndependentTargetsInParallel = 1;
				LastSwiftUpdateCheck = 1600;
				LastUpgradeCheck = 1600;
				TargetAttributes = {
					9D32B9D82CF4DFBD00118FBB = {
						CreatedOnToolsVersion = 16.0;
					};
					9D32B9E92CF4DFBE00118FBB = {
						CreatedOnToolsVersion = 16.0;
						TestTargetID = 9D32B9D82CF4DFBD00118FBB;
					};
					9D32B9F32CF4DFBF00118FBB = {
						CreatedOnToolsVersion = 16.0;
						TestTargetID = 9D32B9D82CF4DFBD00118FBB;
					};
				};
			};
			buildConfigurationList = 9D32B9D42CF4DFBD00118FBB /* Build configuration list for PBXProject "Quizz" */;
			developmentRegion = en;
			hasScannedForEncodings = 0;
			knownRegions = (
				en,
				Base,
			);
			mainGroup = 9D32B9D02CF4DFBD00118FBB;
			minimizedProjectReferenceProxies = 1;
			preferredProjectObjectVersion = 77;
			productRefGroup = 9D32B9DA2CF4DFBD00118FBB /* Products */;
			projectDirPath = "";
			projectRoot = "";
			targets = (
				9D32B9D82CF4DFBD00118FBB /* Quizz */,
				9D32B9E92CF4DFBE00118FBB /* QuizzTests */,
				9D32B9F32CF4DFBF00118FBB /* QuizzUITests */,
			);
		};
/* End PBXProject section */

/* Begin PBXResourcesBuildPhase section */
		9D32B9D72CF4DFBD00118FBB /* Resources */ = {
			isa = PBXResourcesBuildPhase;
			buildActionMask = 2147483647;
			files = (
				9DB892212CF9E292001F240A /* Launch Screen.storyboard in Resources */,
			);
			runOnlyForDeploymentPostprocessing = 0;
		};
		9D32B9E82CF4DFBE00118FBB /* Resources */ = {
			isa = PBXResourcesBuildPhase;
			buildActionMask = 2147483647;
			files = (
			);
			runOnlyForDeploymentPostprocessing = 0;
		};
		9D32B9F22CF4DFBF00118FBB /* Resources */ = {
			isa = PBXResourcesBuildPhase;
			buildActionMask = 2147483647;
			files = (
			);
			runOnlyForDeploymentPostprocessing = 0;
		};
/* End PBXResourcesBuildPhase section */

/* Begin PBXSourcesBuildPhase section */
		9D32B9D52CF4DFBD00118FBB /* Sources */ = {
			isa = PBXSourcesBuildPhase;
			buildActionMask = 2147483647;
			files = (
				9D32BA152CF4DFDE00118FBB /* QuizPlayView.swift in Sources */,
				9D32BA162CF4DFDE00118FBB /* QuizzesView.swift in Sources */,
				9D32BA172CF4DFDE00118FBB /* QuizRowView.swift in Sources */,
			);
			runOnlyForDeploymentPostprocessing = 0;
		};
		9D32B9E62CF4DFBE00118FBB /* Sources */ = {
			isa = PBXSourcesBuildPhase;
			buildActionMask = 2147483647;
			files = (
			);
			runOnlyForDeploymentPostprocessing = 0;
		};
		9D32B9F02CF4DFBF00118FBB /* Sources */ = {
			isa = PBXSourcesBuildPhase;
			buildActionMask = 2147483647;
			files = (
			);
			runOnlyForDeploymentPostprocessing = 0;
		};
/* End PBXSourcesBuildPhase section */

/* Begin PBXTargetDependency section */
		9D32B9EC2CF4DFBF00118FBB /* PBXTargetDependency */ = {
			isa = PBXTargetDependency;
			target = 9D32B9D82CF4DFBD00118FBB /* Quizz */;
			targetProxy = 9D32B9EB2CF4DFBF00118FBB /* PBXContainerItemProxy */;
		};
		9D32B9F62CF4DFBF00118FBB /* PBXTargetDependency */ = {
			isa = PBXTargetDependency;
			target = 9D32B9D82CF4DFBD00118FBB /* Quizz */;
			targetProxy = 9D32B9F52CF4DFBF00118FBB /* PBXContainerItemProxy */;
		};
/* End PBXTargetDependency section */

/* Begin XCBuildConfiguration section */
		9D32B9FC2CF4DFBF00118FBB /* Debug */ = {
			isa = XCBuildConfiguration;
			buildSettings = {
				ALWAYS_SEARCH_USER_PATHS = NO;
				ASSETCATALOG_COMPILER_GENERATE_SWIFT_ASSET_SYMBOL_EXTENSIONS = YES;
				CLANG_ANALYZER_NONNULL = YES;
				CLANG_ANALYZER_NUMBER_OBJECT_CONVERSION = YES_AGGRESSIVE;
				CLANG_CXX_LANGUAGE_STANDARD = "gnu++20";
				CLANG_ENABLE_MODULES = YES;
				CLANG_ENABLE_OBJC_ARC = YES;
				CLANG_ENABLE_OBJC_WEAK = YES;
				CLANG_WARN_BLOCK_CAPTURE_AUTORELEASING = YES;
				CLANG_WARN_BOOL_CONVERSION = YES;
				CLANG_WARN_COMMA = YES;
				CLANG_WARN_CONSTANT_CONVERSION = YES;
				CLANG_WARN_DEPRECATED_OBJC_IMPLEMENTATIONS = YES;
				CLANG_WARN_DIRECT_OBJC_ISA_USAGE = YES_ERROR;
				CLANG_WARN_DOCUMENTATION_COMMENTS = YES;
				CLANG_WARN_EMPTY_BODY = YES;
				CLANG_WARN_ENUM_CONVERSION = YES;
				CLANG_WARN_INFINITE_RECURSION = YES;
				CLANG_WARN_INT_CONVERSION = YES;
				CLANG_WARN_NON_LITERAL_NULL_CONVERSION = YES;
				CLANG_WARN_OBJC_IMPLICIT_RETAIN_SELF = YES;
				CLANG_WARN_OBJC_LITERAL_CONVERSION = YES;
				CLANG_WARN_OBJC_ROOT_CLASS = YES_ERROR;
				CLANG_WARN_QUOTED_INCLUDE_IN_FRAMEWORK_HEADER = YES;
				CLANG_WARN_RANGE_LOOP_ANALYSIS = YES;
				CLANG_WARN_STRICT_PROTOTYPES = YES;
				CLANG_WARN_SUSPICIOUS_MOVE = YES;
				CLANG_WARN_UNGUARDED_AVAILABILITY = YES_AGGRESSIVE;
				CLANG_WARN_UNREACHABLE_CODE = YES;
				CLANG_WARN__DUPLICATE_METHOD_MATCH = YES;
				COPY_PHASE_STRIP = NO;
				DEBUG_INFORMATION_FORMAT = dwarf;
				ENABLE_STRICT_OBJC_MSGSEND = YES;
				ENABLE_TESTABILITY = YES;
				ENABLE_USER_SCRIPT_SANDBOXING = YES;
				GCC_C_LANGUAGE_STANDARD = gnu17;
				GCC_DYNAMIC_NO_PIC = NO;
				GCC_NO_COMMON_BLOCKS = YES;
				GCC_OPTIMIZATION_LEVEL = 0;
				GCC_PREPROCESSOR_DEFINITIONS = (
					"DEBUG=1",
					"$(inherited)",
				);
				GCC_WARN_64_TO_32_BIT_CONVERSION = YES;
				GCC_WARN_ABOUT_RETURN_TYPE = YES_ERROR;
				GCC_WARN_UNDECLARED_SELECTOR = YES;
				GCC_WARN_UNINITIALIZED_AUTOS = YES_AGGRESSIVE;
				GCC_WARN_UNUSED_FUNCTION = YES;
				GCC_WARN_UNUSED_VARIABLE = YES;
				LOCALIZATION_PREFERS_STRING_CATALOGS = YES;
				MTL_ENABLE_DEBUG_INFO = INCLUDE_SOURCE;
				MTL_FAST_MATH = YES;
				ONLY_ACTIVE_ARCH = YES;
				SWIFT_ACTIVE_COMPILATION_CONDITIONS = "DEBUG $(inherited)";
				SWIFT_OPTIMIZATION_LEVEL = "-Onone";
			};
			name = Debug;
		};
		9D32B9FD2CF4DFBF00118FBB /* Release */ = {
			isa = XCBuildConfiguration;
			buildSettings = {
				ALWAYS_SEARCH_USER_PATHS = NO;
				ASSETCATALOG_COMPILER_GENERATE_SWIFT_ASSET_SYMBOL_EXTENSIONS = YES;
				CLANG_ANALYZER_NONNULL = YES;
				CLANG_ANALYZER_NUMBER_OBJECT_CONVERSION = YES_AGGRESSIVE;
				CLANG_CXX_LANGUAGE_STANDARD = "gnu++20";
				CLANG_ENABLE_MODULES = YES;
				CLANG_ENABLE_OBJC_ARC = YES;
				CLANG_ENABLE_OBJC_WEAK = YES;
				CLANG_WARN_BLOCK_CAPTURE_AUTORELEASING = YES;
				CLANG_WARN_BOOL_CONVERSION = YES;
				CLANG_WARN_COMMA = YES;
				CLANG_WARN_CONSTANT_CONVERSION = YES;
				CLANG_WARN_DEPRECATED_OBJC_IMPLEMENTATIONS = YES;
				CLANG_WARN_DIRECT_OBJC_ISA_USAGE = YES_ERROR;
				CLANG_WARN_DOCUMENTATION_COMMENTS = YES;
				CLANG_WARN_EMPTY_BODY = YES;
				CLANG_WARN_ENUM_CONVERSION = YES;
				CLANG_WARN_INFINITE_RECURSION = YES;
				CLANG_WARN_INT_CONVERSION = YES;
				CLANG_WARN_NON_LITERAL_NULL_CONVERSION = YES;
				CLANG_WARN_OBJC_IMPLICIT_RETAIN_SELF = YES;
				CLANG_WARN_OBJC_LITERAL_CONVERSION = YES;
				CLANG_WARN_OBJC_ROOT_CLASS = YES_ERROR;
				CLANG_WARN_QUOTED_INCLUDE_IN_FRAMEWORK_HEADER = YES;
				CLANG_WARN_RANGE_LOOP_ANALYSIS = YES;
				CLANG_WARN_STRICT_PROTOTYPES = YES;
				CLANG_WARN_SUSPICIOUS_MOVE = YES;
				CLANG_WARN_UNGUARDED_AVAILABILITY = YES_AGGRESSIVE;
				CLANG_WARN_UNREACHABLE_CODE = YES;
				CLANG_WARN__DUPLICATE_METHOD_MATCH = YES;
				COPY_PHASE_STRIP = NO;
				DEBUG_INFORMATION_FORMAT = "dwarf-with-dsym";
				ENABLE_NS_ASSERTIONS = NO;
				ENABLE_STRICT_OBJC_MSGSEND = YES;
				ENABLE_USER_SCRIPT_SANDBOXING = YES;
				GCC_C_LANGUAGE_STANDARD = gnu17;
				GCC_NO_COMMON_BLOCKS = YES;
				GCC_WARN_64_TO_32_BIT_CONVERSION = YES;
				GCC_WARN_ABOUT_RETURN_TYPE = YES_ERROR;
				GCC_WARN_UNDECLARED_SELECTOR = YES;
				GCC_WARN_UNINITIALIZED_AUTOS = YES_AGGRESSIVE;
				GCC_WARN_UNUSED_FUNCTION = YES;
				GCC_WARN_UNUSED_VARIABLE = YES;
				LOCALIZATION_PREFERS_STRING_CATALOGS = YES;
				MTL_ENABLE_DEBUG_INFO = NO;
				MTL_FAST_MATH = YES;
				SWIFT_COMPILATION_MODE = wholemodule;
			};
			name = Release;
		};
		9D32B9FF2CF4DFBF00118FBB /* Debug */ = {
			isa = XCBuildConfiguration;
			buildSettings = {
				ASSETCATALOG_COMPILER_APPICON_NAME = AppIcon;
				ASSETCATALOG_COMPILER_GLOBAL_ACCENT_COLOR_NAME = AccentColor;
				CODE_SIGN_ENTITLEMENTS = Quizz/Quizz.entitlements;
				CODE_SIGN_STYLE = Automatic;
				CURRENT_PROJECT_VERSION = 1;
				DEVELOPMENT_ASSET_PATHS = "\"Quizz/Preview Content\"";
				ENABLE_PREVIEWS = YES;
				GENERATE_INFOPLIST_FILE = YES;
				"INFOPLIST_KEY_UIApplicationSceneManifest_Generation[sdk=iphoneos*]" = YES;
				"INFOPLIST_KEY_UIApplicationSceneManifest_Generation[sdk=iphonesimulator*]" = YES;
				"INFOPLIST_KEY_UIApplicationSupportsIndirectInputEvents[sdk=iphoneos*]" = YES;
				"INFOPLIST_KEY_UIApplicationSupportsIndirectInputEvents[sdk=iphonesimulator*]" = YES;
				"INFOPLIST_KEY_UILaunchScreen_Generation[sdk=iphoneos*]" = YES;
				"INFOPLIST_KEY_UILaunchScreen_Generation[sdk=iphonesimulator*]" = YES;
				INFOPLIST_KEY_UILaunchStoryboardName = "Launch Screen";
				"INFOPLIST_KEY_UIStatusBarStyle[sdk=iphoneos*]" = UIStatusBarStyleDefault;
				"INFOPLIST_KEY_UIStatusBarStyle[sdk=iphonesimulator*]" = UIStatusBarStyleDefault;
				INFOPLIST_KEY_UISupportedInterfaceOrientations_iPad = "UIInterfaceOrientationPortrait UIInterfaceOrientationPortraitUpsideDown UIInterfaceOrientationLandscapeLeft UIInterfaceOrientationLandscapeRight";
				INFOPLIST_KEY_UISupportedInterfaceOrientations_iPhone = "UIInterfaceOrientationPortrait UIInterfaceOrientationLandscapeLeft UIInterfaceOrientationLandscapeRight";
				IPHONEOS_DEPLOYMENT_TARGET = 18.0;
				LD_RUNPATH_SEARCH_PATHS = "@executable_path/Frameworks";
				"LD_RUNPATH_SEARCH_PATHS[sdk=macosx*]" = "@executable_path/../Frameworks";
				MACOSX_DEPLOYMENT_TARGET = 15.0;
				MARKETING_VERSION = 1.0;
				PRODUCT_BUNDLE_IDENTIFIER = es.upm.Quizz;
				PRODUCT_NAME = "$(TARGET_NAME)";
				SDKROOT = auto;
				SUPPORTED_PLATFORMS = "iphoneos iphonesimulator macosx xros xrsimulator";
				SWIFT_EMIT_LOC_STRINGS = YES;
				SWIFT_VERSION = 5.0;
				TARGETED_DEVICE_FAMILY = "1,2,7";
				XROS_DEPLOYMENT_TARGET = 2.0;
			};
			name = Debug;
		};
		9D32BA002CF4DFBF00118FBB /* Release */ = {
			isa = XCBuildConfiguration;
			buildSettings = {
				ASSETCATALOG_COMPILER_APPICON_NAME = AppIcon;
				ASSETCATALOG_COMPILER_GLOBAL_ACCENT_COLOR_NAME = AccentColor;
				CODE_SIGN_ENTITLEMENTS = Quizz/Quizz.entitlements;
				CODE_SIGN_STYLE = Automatic;
				CURRENT_PROJECT_VERSION = 1;
				DEVELOPMENT_ASSET_PATHS = "\"Quizz/Preview Content\"";
				ENABLE_PREVIEWS = YES;
				GENERATE_INFOPLIST_FILE = YES;
				"INFOPLIST_KEY_UIApplicationSceneManifest_Generation[sdk=iphoneos*]" = YES;
				"INFOPLIST_KEY_UIApplicationSceneManifest_Generation[sdk=iphonesimulator*]" = YES;
				"INFOPLIST_KEY_UIApplicationSupportsIndirectInputEvents[sdk=iphoneos*]" = YES;
				"INFOPLIST_KEY_UIApplicationSupportsIndirectInputEvents[sdk=iphonesimulator*]" = YES;
				"INFOPLIST_KEY_UILaunchScreen_Generation[sdk=iphoneos*]" = YES;
				"INFOPLIST_KEY_UILaunchScreen_Generation[sdk=iphonesimulator*]" = YES;
				INFOPLIST_KEY_UILaunchStoryboardName = "Launch Screen";
				"INFOPLIST_KEY_UIStatusBarStyle[sdk=iphoneos*]" = UIStatusBarStyleDefault;
				"INFOPLIST_KEY_UIStatusBarStyle[sdk=iphonesimulator*]" = UIStatusBarStyleDefault;
				INFOPLIST_KEY_UISupportedInterfaceOrientations_iPad = "UIInterfaceOrientationPortrait UIInterfaceOrientationPortraitUpsideDown UIInterfaceOrientationLandscapeLeft UIInterfaceOrientationLandscapeRight";
				INFOPLIST_KEY_UISupportedInterfaceOrientations_iPhone = "UIInterfaceOrientationPortrait UIInterfaceOrientationLandscapeLeft UIInterfaceOrientationLandscapeRight";
				IPHONEOS_DEPLOYMENT_TARGET = 18.0;
				LD_RUNPATH_SEARCH_PATHS = "@executable_path/Frameworks";
				"LD_RUNPATH_SEARCH_PATHS[sdk=macosx*]" = "@executable_path/../Frameworks";
				MACOSX_DEPLOYMENT_TARGET = 15.0;
				MARKETING_VERSION = 1.0;
				PRODUCT_BUNDLE_IDENTIFIER = es.upm.Quizz;
				PRODUCT_NAME = "$(TARGET_NAME)";
				SDKROOT = auto;
				SUPPORTED_PLATFORMS = "iphoneos iphonesimulator macosx xros xrsimulator";
				SWIFT_EMIT_LOC_STRINGS = YES;
				SWIFT_VERSION = 5.0;
				TARGETED_DEVICE_FAMILY = "1,2,7";
				XROS_DEPLOYMENT_TARGET = 2.0;
			};
			name = Release;
		};
		9D32BA022CF4DFBF00118FBB /* Debug */ = {
			isa = XCBuildConfiguration;
			buildSettings = {
				BUNDLE_LOADER = "$(TEST_HOST)";
				CODE_SIGN_STYLE = Automatic;
				CURRENT_PROJECT_VERSION = 1;
				GENERATE_INFOPLIST_FILE = YES;
				IPHONEOS_DEPLOYMENT_TARGET = 18.0;
				MACOSX_DEPLOYMENT_TARGET = 15.0;
				MARKETING_VERSION = 1.0;
				PRODUCT_BUNDLE_IDENTIFIER = es.upm.QuizzTests;
				PRODUCT_NAME = "$(TARGET_NAME)";
				SDKROOT = auto;
				SUPPORTED_PLATFORMS = "iphoneos iphonesimulator macosx xros xrsimulator";
				SWIFT_EMIT_LOC_STRINGS = NO;
				SWIFT_VERSION = 5.0;
				TARGETED_DEVICE_FAMILY = "1,2,7";
				TEST_HOST = "$(BUILT_PRODUCTS_DIR)/Quizz.app/$(BUNDLE_EXECUTABLE_FOLDER_PATH)/Quizz";
				XROS_DEPLOYMENT_TARGET = 2.0;
			};
			name = Debug;
		};
		9D32BA032CF4DFBF00118FBB /* Release */ = {
			isa = XCBuildConfiguration;
			buildSettings = {
				BUNDLE_LOADER = "$(TEST_HOST)";
				CODE_SIGN_STYLE = Automatic;
				CURRENT_PROJECT_VERSION = 1;
				GENERATE_INFOPLIST_FILE = YES;
				IPHONEOS_DEPLOYMENT_TARGET = 18.0;
				MACOSX_DEPLOYMENT_TARGET = 15.0;
				MARKETING_VERSION = 1.0;
				PRODUCT_BUNDLE_IDENTIFIER = es.upm.QuizzTests;
				PRODUCT_NAME = "$(TARGET_NAME)";
				SDKROOT = auto;
				SUPPORTED_PLATFORMS = "iphoneos iphonesimulator macosx xros xrsimulator";
				SWIFT_EMIT_LOC_STRINGS = NO;
				SWIFT_VERSION = 5.0;
				TARGETED_DEVICE_FAMILY = "1,2,7";
				TEST_HOST = "$(BUILT_PRODUCTS_DIR)/Quizz.app/$(BUNDLE_EXECUTABLE_FOLDER_PATH)/Quizz";
				XROS_DEPLOYMENT_TARGET = 2.0;
			};
			name = Release;
		};
		9D32BA052CF4DFBF00118FBB /* Debug */ = {
			isa = XCBuildConfiguration;
			buildSettings = {
				CODE_SIGN_STYLE = Automatic;
				CURRENT_PROJECT_VERSION = 1;
				GENERATE_INFOPLIST_FILE = YES;
				IPHONEOS_DEPLOYMENT_TARGET = 18.0;
				MACOSX_DEPLOYMENT_TARGET = 15.0;
				MARKETING_VERSION = 1.0;
				PRODUCT_BUNDLE_IDENTIFIER = es.upm.QuizzUITests;
				PRODUCT_NAME = "$(TARGET_NAME)";
				SDKROOT = auto;
				SUPPORTED_PLATFORMS = "iphoneos iphonesimulator macosx xros xrsimulator";
				SWIFT_EMIT_LOC_STRINGS = NO;
				SWIFT_VERSION = 5.0;
				TARGETED_DEVICE_FAMILY = "1,2,7";
				TEST_TARGET_NAME = Quizz;
				XROS_DEPLOYMENT_TARGET = 2.0;
			};
			name = Debug;
		};
		9D32BA062CF4DFBF00118FBB /* Release */ = {
			isa = XCBuildConfiguration;
			buildSettings = {
				CODE_SIGN_STYLE = Automatic;
				CURRENT_PROJECT_VERSION = 1;
				GENERATE_INFOPLIST_FILE = YES;
				IPHONEOS_DEPLOYMENT_TARGET = 18.0;
				MACOSX_DEPLOYMENT_TARGET = 15.0;
				MARKETING_VERSION = 1.0;
				PRODUCT_BUNDLE_IDENTIFIER = es.upm.QuizzUITests;
				PRODUCT_NAME = "$(TARGET_NAME)";
				SDKROOT = auto;
				SUPPORTED_PLATFORMS = "iphoneos iphonesimulator macosx xros xrsimulator";
				SWIFT_EMIT_LOC_STRINGS = NO;
				SWIFT_VERSION = 5.0;
				TARGETED_DEVICE_FAMILY = "1,2,7";
				TEST_TARGET_NAME = Quizz;
				XROS_DEPLOYMENT_TARGET = 2.0;
			};
			name = Release;
		};
/* End XCBuildConfiguration section */

/* Begin XCConfigurationList section */
		9D32B9D42CF4DFBD00118FBB /* Build configuration list for PBXProject "Quizz" */ = {
			isa = XCConfigurationList;
			buildConfigurations = (
				9D32B9FC2CF4DFBF00118FBB /* Debug */,
				9D32B9FD2CF4DFBF00118FBB /* Release */,
			);
			defaultConfigurationIsVisible = 0;
			defaultConfigurationName = Release;
		};
		9D32B9FE2CF4DFBF00118FBB /* Build configuration list for PBXNativeTarget "Quizz" */ = {
			isa = XCConfigurationList;
			buildConfigurations = (
				9D32B9FF2CF4DFBF00118FBB /* Debug */,
				9D32BA002CF4DFBF00118FBB /* Release */,
			);
			defaultConfigurationIsVisible = 0;
			defaultConfigurationName = Release;
		};
		9D32BA012CF4DFBF00118FBB /* Build configuration list for PBXNativeTarget "QuizzTests" */ = {
			isa = XCConfigurationList;
			buildConfigurations = (
				9D32BA022CF4DFBF00118FBB /* Debug */,
				9D32BA032CF4DFBF00118FBB /* Release */,
			);
			defaultConfigurationIsVisible = 0;
			defaultConfigurationName = Release;
		};
		9D32BA042CF4DFBF00118FBB /* Build configuration list for PBXNativeTarget "QuizzUITests" */ = {
			isa = XCConfigurationList;
			buildConfigurations = (
				9D32BA052CF4DFBF00118FBB /* Debug */,
				9D32BA062CF4DFBF00118FBB /* Release */,
			);
			defaultConfigurationIsVisible = 0;
			defaultConfigurationName = Release;
		};
/* End XCConfigurationList section */
	};
	rootObject = 9D32B9D12CF4DFBD00118FBB /* Project object */;
}
